
Microsoft Visual Studio Solution File, Format Version 12.00
# Visual Studio 15
VisualStudioVersion = 15.0.27428.2043
MinimumVisualStudioVersion = 10.0.40219.1
Project("{8BC9CEB8-8B4A-11D0-8D11-00A0C91BC942}") = "AELoader", "AELoader\AELoader.vcxproj", "{83977805-314D-4D28-B38C-B9667C3FA8E2}"
EndProject
Project("{8BC9CEB8-8B4A-11D0-8D11-00A0C91BC942}") = "Test", "Test\Test.vcxproj", "{CC45B53C-8838-4609-9CDE-49302F3BBB1A}"
EndProject
Global
	GlobalSection(SolutionConfigurationPlatforms) = preSolution
		Debug|x64 = Debug|x64
		Debug|x86 = Debug|x86
		Release|x64 = Release|x64
		Release|x86 = Release|x86
	EndGlobalSection
	GlobalSection(ProjectConfigurationPlatforms) = postSolution
		{83977805-314D-4D28-B38C-B9667C3FA8E2}.Debug|x64.ActiveCfg = Debug|x64
		{83977805-314D-4D28-B38C-B9667C3FA8E2}.Debug|x64.Build.0 = Debug|x64
		{83977805-314D-4D28-B38C-B9667C3FA8E2}.Debug|x86.ActiveCfg = Debug|Win32
		{83977805-314D-4D28-B38C-B9667C3FA8E2}.Debug|x86.Build.0 = Debug|Win32
		{83977805-314D-4D28-B38C-B9667C3FA8E2}.Release|x64.ActiveCfg = Release|x64
		{83977805-314D-4D28-B38C-B9667C3FA8E2}.Release|x64.Build.0 = Release|x64
		{83977805-314D-4D28-B38C-B9667C3FA8E2}.Release|x86.ActiveCfg = Release|Win32
		{83977805-314D-4D28-B38C-B9667C3FA8E2}.Release|x86.Build.0 = Release|Win32
		{CC45B53C-8838-4609-9CDE-49302F3BBB1A}.Debug|x64.ActiveCfg = Debug|x64
		{CC45B53C-8838-4609-9CDE-49302F3BBB1A}.Debug|x64.Build.0 = Debug|x64
		{CC45B53C-8838-4609-9CDE-49302F3BBB1A}.Debug|x86.ActiveCfg = Debug|Win32
		{CC45B53C-8838-4609-9CDE-49302F3BBB1A}.Debug|x86.Build.0 = Debug|Win32
		{CC45B53C-8838-4609-9CDE-49302F3BBB1A}.Release|x64.ActiveCfg = Release|x64
		{CC45B53C-8838-4609-9CDE-49302F3BBB1A}.Release|x64.Build.0 = Release|x64
		{CC45B53C-8838-4609-9CDE-49302F3BBB1A}.Release|x86.ActiveCfg = Release|Win32
		{CC45B53C-8838-4609-9CDE-49302F3BBB1A}.Release|x86.Build.0 = Release|Win32
	EndGlobalSection
	GlobalSection(SolutionProperties) = preSolution
		HideSolutionNode = FALSE
	EndGlobalSection
	GlobalSection(ExtensibilityGlobals) = postSolution
		SolutionGuid = {42A3F79C-3C9F-40F7-A74C-085508EC39FB}
	EndGlobalSection
EndGlobal
